
Microsoft Visual Studio Solution File, Format Version 12.00
# Visual Studio Version 17
VisualStudioVersion = 17.7.34003.232
MinimumVisualStudioVersion = 10.0.40219.1
Project("{FAE04EC0-301F-11D3-BF4B-00C04F79EFBC}") = "AtlasMed_GS", "AtlasMed_GS\AtlasMed_GS.csproj", "{AE271F89-CF8F-4381-BEE8-6F976D5E4A44}"
EndProject
Global
	GlobalSection(SolutionConfigurationPlatforms) = preSolution
		Debug|Any CPU = Debug|Any CPU
		Release|Any CPU = Release|Any CPU
	EndGlobalSection
	GlobalSection(ProjectConfigurationPlatforms) = postSolution
		{AE271F89-CF8F-4381-BEE8-6F976D5E4A44}.Debug|Any CPU.ActiveCfg = Debug|Any CPU
		{AE271F89-CF8F-4381-BEE8-6F976D5E4A44}.Debug|Any CPU.Build.0 = Debug|Any CPU
		{AE271F89-CF8F-4381-BEE8-6F976D5E4A44}.Release|Any CPU.ActiveCfg = Release|Any CPU
		{AE271F89-CF8F-4381-BEE8-6F976D5E4A44}.Release|Any CPU.Build.0 = Release|Any CPU
	EndGlobalSection
	GlobalSection(SolutionProperties) = preSolution
		HideSolutionNode = FALSE
	EndGlobalSection
	GlobalSection(ExtensibilityGlobals) = postSolution
		SolutionGuid = {1ABFE8AF-2FFF-404C-8E18-C954E2AD2705}
	EndGlobalSection
EndGlobal
